
Microsoft Visual Studio Solution File, Format Version 12.00
# Visual Studio Version 16
VisualStudioVersion = 16.0.29613.14
MinimumVisualStudioVersion = 10.0.40219.1
Project("{FAE04EC0-301F-11D3-BF4B-00C04F79EFBC}") = "VesuneNet", "VesuneNet.csproj", "{533634E5-E35C-4672-BEFB-52B44C68410B}"
EndProject
Global
	GlobalSection(SolutionConfigurationPlatforms) = preSolution
		Debug|Any CPU = Debug|Any CPU
		Release|Any CPU = Release|Any CPU
	EndGlobalSection
	GlobalSection(ProjectConfigurationPlatforms) = postSolution
		{533634E5-E35C-4672-BEFB-52B44C68410B}.Debug|Any CPU.ActiveCfg = Debug|Any CPU
		{533634E5-E35C-4672-BEFB-52B44C68410B}.Debug|Any CPU.Build.0 = Debug|Any CPU
		{533634E5-E35C-4672-BEFB-52B44C68410B}.Release|Any CPU.ActiveCfg = Release|Any CPU
		{533634E5-E35C-4672-BEFB-52B44C68410B}.Release|Any CPU.Build.0 = Release|Any CPU
	EndGlobalSection
	GlobalSection(SolutionProperties) = preSolution
		HideSolutionNode = FALSE
	EndGlobalSection
	GlobalSection(ExtensibilityGlobals) = postSolution
		SolutionGuid = {4EC9548E-0FA4-4652-8219-DAE8556FAE27}
	EndGlobalSection
EndGlobal
